
Microsoft Visual Studio Solution File, Format Version 12.00
# Visual Studio Version 17
VisualStudioVersion = 17.0.32014.148
MinimumVisualStudioVersion = 10.0.40219.1
Project("{FAE04EC0-301F-11D3-BF4B-00C04F79EFBC}") = "WindowsFormsApp11", "WindowsFormsApp11\WindowsFormsApp11.csproj", "{6F71D60C-C738-4166-9DC9-76A342B8E16B}"
EndProject
Global
	GlobalSection(SolutionConfigurationPlatforms) = preSolution
		Debug|Any CPU = Debug|Any CPU
		Release|Any CPU = Release|Any CPU
	EndGlobalSection
	GlobalSection(ProjectConfigurationPlatforms) = postSolution
		{6F71D60C-C738-4166-9DC9-76A342B8E16B}.Debug|Any CPU.ActiveCfg = Debug|Any CPU
		{6F71D60C-C738-4166-9DC9-76A342B8E16B}.Debug|Any CPU.Build.0 = Debug|Any CPU
		{6F71D60C-C738-4166-9DC9-76A342B8E16B}.Release|Any CPU.ActiveCfg = Release|Any CPU
		{6F71D60C-C738-4166-9DC9-76A342B8E16B}.Release|Any CPU.Build.0 = Release|Any CPU
	EndGlobalSection
	GlobalSection(SolutionProperties) = preSolution
		HideSolutionNode = FALSE
	EndGlobalSection
	GlobalSection(ExtensibilityGlobals) = postSolution
		SolutionGuid = {DC545A06-6375-4D09-A8C0-86BAD460EA6D}
	EndGlobalSection
EndGlobal
